// !$*UTF8*$!
{
	archiveVersion = 1;
	classes = {
	};
	objectVersion = 50;
	objects = {

/* Begin PBXBuildFile section */
		8F6D24C6262C389E00620C41 /* Person.swift in Sources */ = {isa = PBXBuildFile; fileRef = 8F6D24C5262C389E00620C41 /* Person.swift */; };
		8F6D24C9262C4A3500620C41 /* Education.swift in Sources */ = {isa = PBXBuildFile; fileRef = 8F6D24C8262C4A3500620C41 /* Education.swift */; };
		8F6D24CC262C4A4F00620C41 /* WorkExperience.swift in Sources */ = {isa = PBXBuildFile; fileRef = 8F6D24CB262C4A4F00620C41 /* WorkExperience.swift */; };
		8F6D24CF262C4B7E00620C41 /* PersonApiManager.swift in Sources */ = {isa = PBXBuildFile; fileRef = 8F6D24CE262C4B7E00620C41 /* PersonApiManager.swift */; };
		8F6D24D2262C526900620C41 /* CurriculumVitaeViewModel.swift in Sources */ = {isa = PBXBuildFile; fileRef = 8F6D24D1262C526900620C41 /* CurriculumVitaeViewModel.swift */; };
		8FDBD336262AF23600F4DB7D /* RequestPath.swift in Sources */ = {isa = PBXBuildFile; fileRef = 8FDBD335262AF23600F4DB7D /* RequestPath.swift */; };
		8FDBD35A262B07E900F4DB7D /* Requester.swift in Sources */ = {isa = PBXBuildFile; fileRef = 8FDBD359262B07E900F4DB7D /* Requester.swift */; };
		8FFF8F2B262A15AE00DD137F /* AppDelegate.swift in Sources */ = {isa = PBXBuildFile; fileRef = 8FFF8F2A262A15AE00DD137F /* AppDelegate.swift */; };
		8FFF8F2D262A15AE00DD137F /* SceneDelegate.swift in Sources */ = {isa = PBXBuildFile; fileRef = 8FFF8F2C262A15AE00DD137F /* SceneDelegate.swift */; };
		8FFF8F32262A15AE00DD137F /* Main.storyboard in Resources */ = {isa = PBXBuildFile; fileRef = 8FFF8F30262A15AE00DD137F /* Main.storyboard */; };
		8FFF8F34262A15AF00DD137F /* Assets.xcassets in Resources */ = {isa = PBXBuildFile; fileRef = 8FFF8F33262A15AF00DD137F /* Assets.xcassets */; };
		8FFF8F37262A15AF00DD137F /* LaunchScreen.storyboard in Resources */ = {isa = PBXBuildFile; fileRef = 8FFF8F35262A15AF00DD137F /* LaunchScreen.storyboard */; };
		8FFF8F48262A17DC00DD137F /* CurriculumVitaeViewController.swift in Sources */ = {isa = PBXBuildFile; fileRef = 8FFF8F47262A17DC00DD137F /* CurriculumVitaeViewController.swift */; };
		8FFF8F50262A1AD100DD137F /* NetworkConfiguration.swift in Sources */ = {isa = PBXBuildFile; fileRef = 8FFF8F4F262A1AD100DD137F /* NetworkConfiguration.swift */; };
/* End PBXBuildFile section */

/* Begin PBXFileReference section */
		8F6D24C5262C389E00620C41 /* Person.swift */ = {isa = PBXFileReference; lastKnownFileType = sourcecode.swift; path = Person.swift; sourceTree = "<group>"; };
		8F6D24C8262C4A3500620C41 /* Education.swift */ = {isa = PBXFileReference; lastKnownFileType = sourcecode.swift; path = Education.swift; sourceTree = "<group>"; };
		8F6D24CB262C4A4F00620C41 /* WorkExperience.swift */ = {isa = PBXFileReference; lastKnownFileType = sourcecode.swift; path = WorkExperience.swift; sourceTree = "<group>"; };
		8F6D24CE262C4B7E00620C41 /* PersonApiManager.swift */ = {isa = PBXFileReference; lastKnownFileType = sourcecode.swift; path = PersonApiManager.swift; sourceTree = "<group>"; };
		8F6D24D1262C526900620C41 /* CurriculumVitaeViewModel.swift */ = {isa = PBXFileReference; lastKnownFileType = sourcecode.swift; path = CurriculumVitaeViewModel.swift; sourceTree = "<group>"; };
		8FDBD335262AF23600F4DB7D /* RequestPath.swift */ = {isa = PBXFileReference; lastKnownFileType = sourcecode.swift; path = RequestPath.swift; sourceTree = "<group>"; };
		8FDBD359262B07E900F4DB7D /* Requester.swift */ = {isa = PBXFileReference; lastKnownFileType = sourcecode.swift; path = Requester.swift; sourceTree = "<group>"; };
		8FFF8F27262A15AE00DD137F /* AspireTestProj.app */ = {isa = PBXFileReference; explicitFileType = wrapper.application; includeInIndex = 0; path = AspireTestProj.app; sourceTree = BUILT_PRODUCTS_DIR; };
		8FFF8F2A262A15AE00DD137F /* AppDelegate.swift */ = {isa = PBXFileReference; lastKnownFileType = sourcecode.swift; path = AppDelegate.swift; sourceTree = "<group>"; };
		8FFF8F2C262A15AE00DD137F /* SceneDelegate.swift */ = {isa = PBXFileReference; lastKnownFileType = sourcecode.swift; path = SceneDelegate.swift; sourceTree = "<group>"; };
		8FFF8F31262A15AE00DD137F /* Base */ = {isa = PBXFileReference; lastKnownFileType = file.storyboard; name = Base; path = Base.lproj/Main.storyboard; sourceTree = "<group>"; };
		8FFF8F33262A15AF00DD137F /* Assets.xcassets */ = {isa = PBXFileReference; lastKnownFileType = folder.assetcatalog; path = Assets.xcassets; sourceTree = "<group>"; };
		8FFF8F36262A15AF00DD137F /* Base */ = {isa = PBXFileReference; lastKnownFileType = file.storyboard; name = Base; path = Base.lproj/LaunchScreen.storyboard; sourceTree = "<group>"; };
		8FFF8F38262A15AF00DD137F /* Info.plist */ = {isa = PBXFileReference; lastKnownFileType = text.plist.xml; path = Info.plist; sourceTree = "<group>"; };
		8FFF8F47262A17DC00DD137F /* CurriculumVitaeViewController.swift */ = {isa = PBXFileReference; lastKnownFileType = sourcecode.swift; path = CurriculumVitaeViewController.swift; sourceTree = "<group>"; };
		8FFF8F4F262A1AD100DD137F /* NetworkConfiguration.swift */ = {isa = PBXFileReference; lastKnownFileType = sourcecode.swift; path = NetworkConfiguration.swift; sourceTree = "<group>"; };
/* End PBXFileReference section */

/* Begin PBXFrameworksBuildPhase section */
		8FFF8F24262A15AE00DD137F /* Frameworks */ = {
			isa = PBXFrameworksBuildPhase;
			buildActionMask = 2147483647;
			files = (
			);
			runOnlyForDeploymentPostprocessing = 0;
		};
/* End PBXFrameworksBuildPhase section */

/* Begin PBXGroup section */
		8FFF8F1E262A15AE00DD137F = {
			isa = PBXGroup;
			children = (
				8FFF8F29262A15AE00DD137F /* AspireTestProj */,
				8FFF8F28262A15AE00DD137F /* Products */,
			);
			sourceTree = "<group>";
		};
		8FFF8F28262A15AE00DD137F /* Products */ = {
			isa = PBXGroup;
			children = (
				8FFF8F27262A15AE00DD137F /* AspireTestProj.app */,
			);
			name = Products;
			sourceTree = "<group>";
		};
		8FFF8F29262A15AE00DD137F /* AspireTestProj */ = {
			isa = PBXGroup;
			children = (
				8FFF8F3F262A170B00DD137F /* App Configuration */,
				8FFF8F4A262A18B400DD137F /* Data */,
				8FFF8F41262A172800DD137F /* Presentation */,
				8FFF8F42262A174100DD137F /* Util */,
				8FFF8F33262A15AF00DD137F /* Assets.xcassets */,
				8FFF8F35262A15AF00DD137F /* LaunchScreen.storyboard */,
				8FFF8F38262A15AF00DD137F /* Info.plist */,
			);
			path = AspireTestProj;
			sourceTree = "<group>";
		};
		8FFF8F3F262A170B00DD137F /* App Configuration */ = {
			isa = PBXGroup;
			children = (
				8FFF8F2A262A15AE00DD137F /* AppDelegate.swift */,
				8FFF8F2C262A15AE00DD137F /* SceneDelegate.swift */,
			);
			path = "App Configuration";
			sourceTree = "<group>";
		};
		8FFF8F40262A171600DD137F /* Networking */ = {
			isa = PBXGroup;
			children = (
				8FFF8F4C262A191F00DD137F /* Requester */,
				8FFF8F4B262A191500DD137F /* Configuration */,
				8FFF8F4D262A198100DD137F /* Services */,
				8FFF8F4E262A199F00DD137F /* Entities */,
			);
			path = Networking;
			sourceTree = "<group>";
		};
		8FFF8F41262A172800DD137F /* Presentation */ = {
			isa = PBXGroup;
			children = (
				8FFF8F45262A177800DD137F /* Stories */,
				8FFF8F46262A178C00DD137F /* Storyboards */,
			);
			path = Presentation;
			sourceTree = "<group>";
		};
		8FFF8F42262A174100DD137F /* Util */ = {
			isa = PBXGroup;
			children = (
			);
			path = Util;
			sourceTree = "<group>";
		};
		8FFF8F44262A176A00DD137F /* CVScreen */ = {
			isa = PBXGroup;
			children = (
				8FFF8F47262A17DC00DD137F /* CurriculumVitaeViewController.swift */,
				8F6D24D1262C526900620C41 /* CurriculumVitaeViewModel.swift */,
			);
			path = CVScreen;
			sourceTree = "<group>";
		};
		8FFF8F45262A177800DD137F /* Stories */ = {
			isa = PBXGroup;
			children = (
				8FFF8F44262A176A00DD137F /* CVScreen */,
			);
			path = Stories;
			sourceTree = "<group>";
		};
		8FFF8F46262A178C00DD137F /* Storyboards */ = {
			isa = PBXGroup;
			children = (
				8FFF8F30262A15AE00DD137F /* Main.storyboard */,
			);
			path = Storyboards;
			sourceTree = "<group>";
		};
		8FFF8F4A262A18B400DD137F /* Data */ = {
			isa = PBXGroup;
			children = (
				8FFF8F40262A171600DD137F /* Networking */,
			);
			path = Data;
			sourceTree = "<group>";
		};
		8FFF8F4B262A191500DD137F /* Configuration */ = {
			isa = PBXGroup;
			children = (
				8FFF8F4F262A1AD100DD137F /* NetworkConfiguration.swift */,
			);
			path = Configuration;
			sourceTree = "<group>";
		};
		8FFF8F4C262A191F00DD137F /* Requester */ = {
			isa = PBXGroup;
			children = (
				8FDBD335262AF23600F4DB7D /* RequestPath.swift */,
				8FDBD359262B07E900F4DB7D /* Requester.swift */,
			);
			path = Requester;
			sourceTree = "<group>";
		};
		8FFF8F4D262A198100DD137F /* Services */ = {
			isa = PBXGroup;
			children = (
				8F6D24CE262C4B7E00620C41 /* PersonApiManager.swift */,
			);
			path = Services;
			sourceTree = "<group>";
		};
		8FFF8F4E262A199F00DD137F /* Entities */ = {
			isa = PBXGroup;
			children = (
				8F6D24C5262C389E00620C41 /* Person.swift */,
				8F6D24C8262C4A3500620C41 /* Education.swift */,
				8F6D24CB262C4A4F00620C41 /* WorkExperience.swift */,
			);
			path = Entities;
			sourceTree = "<group>";
		};
/* End PBXGroup section */

/* Begin PBXNativeTarget section */
		8FFF8F26262A15AE00DD137F /* AspireTestProj */ = {
			isa = PBXNativeTarget;
			buildConfigurationList = 8FFF8F3B262A15AF00DD137F /* Build configuration list for PBXNativeTarget "AspireTestProj" */;
			buildPhases = (
				8FFF8F23262A15AE00DD137F /* Sources */,
				8FFF8F24262A15AE00DD137F /* Frameworks */,
				8FFF8F25262A15AE00DD137F /* Resources */,
			);
			buildRules = (
			);
			dependencies = (
			);
			name = AspireTestProj;
			productName = AspireTestProj;
			productReference = 8FFF8F27262A15AE00DD137F /* AspireTestProj.app */;
			productType = "com.apple.product-type.application";
		};
/* End PBXNativeTarget section */

/* Begin PBXProject section */
		8FFF8F1F262A15AE00DD137F /* Project object */ = {
			isa = PBXProject;
			attributes = {
				LastSwiftUpdateCheck = 1220;
				LastUpgradeCheck = 1220;
				TargetAttributes = {
					8FFF8F26262A15AE00DD137F = {
						CreatedOnToolsVersion = 12.2;
					};
				};
			};
			buildConfigurationList = 8FFF8F22262A15AE00DD137F /* Build configuration list for PBXProject "AspireTestProj" */;
			compatibilityVersion = "Xcode 9.3";
			developmentRegion = en;
			hasScannedForEncodings = 0;
			knownRegions = (
				en,
				Base,
			);
			mainGroup = 8FFF8F1E262A15AE00DD137F;
			productRefGroup = 8FFF8F28262A15AE00DD137F /* Products */;
			projectDirPath = "";
			projectRoot = "";
			targets = (
				8FFF8F26262A15AE00DD137F /* AspireTestProj */,
			);
		};
/* End PBXProject section */

/* Begin PBXResourcesBuildPhase section */
		8FFF8F25262A15AE00DD137F /* Resources */ = {
			isa = PBXResourcesBuildPhase;
			buildActionMask = 2147483647;
			files = (
				8FFF8F37262A15AF00DD137F /* LaunchScreen.storyboard in Resources */,
				8FFF8F34262A15AF00DD137F /* Assets.xcassets in Resources */,
				8FFF8F32262A15AE00DD137F /* Main.storyboard in Resources */,
			);
			runOnlyForDeploymentPostprocessing = 0;
		};
/* End PBXResourcesBuildPhase section */

/* Begin PBXSourcesBuildPhase section */
		8FFF8F23262A15AE00DD137F /* Sources */ = {
			isa = PBXSourcesBuildPhase;
			buildActionMask = 2147483647;
			files = (
				8FFF8F2B262A15AE00DD137F /* AppDelegate.swift in Sources */,
				8F6D24CC262C4A4F00620C41 /* WorkExperience.swift in Sources */,
				8FFF8F48262A17DC00DD137F /* CurriculumVitaeViewController.swift in Sources */,
				8FDBD35A262B07E900F4DB7D /* Requester.swift in Sources */,
				8FFF8F2D262A15AE00DD137F /* SceneDelegate.swift in Sources */,
				8F6D24C6262C389E00620C41 /* Person.swift in Sources */,
				8FFF8F50262A1AD100DD137F /* NetworkConfiguration.swift in Sources */,
				8F6D24CF262C4B7E00620C41 /* PersonApiManager.swift in Sources */,
				8F6D24C9262C4A3500620C41 /* Education.swift in Sources */,
				8FDBD336262AF23600F4DB7D /* RequestPath.swift in Sources */,
				8F6D24D2262C526900620C41 /* CurriculumVitaeViewModel.swift in Sources */,
			);
			runOnlyForDeploymentPostprocessing = 0;
		};
/* End PBXSourcesBuildPhase section */

/* Begin PBXVariantGroup section */
		8FFF8F30262A15AE00DD137F /* Main.storyboard */ = {
			isa = PBXVariantGroup;
			children = (
				8FFF8F31262A15AE00DD137F /* Base */,
			);
			name = Main.storyboard;
			sourceTree = "<group>";
		};
		8FFF8F35262A15AF00DD137F /* LaunchScreen.storyboard */ = {
			isa = PBXVariantGroup;
			children = (
				8FFF8F36262A15AF00DD137F /* Base */,
			);
			name = LaunchScreen.storyboard;
			sourceTree = "<group>";
		};
/* End PBXVariantGroup section */

/* Begin XCBuildConfiguration section */
		8FFF8F39262A15AF00DD137F /* Debug */ = {
			isa = XCBuildConfiguration;
			buildSettings = {
				ALWAYS_SEARCH_USER_PATHS = NO;
				CLANG_ANALYZER_NONNULL = YES;
				CLANG_ANALYZER_NUMBER_OBJECT_CONVERSION = YES_AGGRESSIVE;
				CLANG_CXX_LANGUAGE_STANDARD = "gnu++14";
				CLANG_CXX_LIBRARY = "libc++";
				CLANG_ENABLE_MODULES = YES;
				CLANG_ENABLE_OBJC_ARC = YES;
				CLANG_ENABLE_OBJC_WEAK = YES;
				CLANG_WARN_BLOCK_CAPTURE_AUTORELEASING = YES;
				CLANG_WARN_BOOL_CONVERSION = YES;
				CLANG_WARN_COMMA = YES;
				CLANG_WARN_CONSTANT_CONVERSION = YES;
				CLANG_WARN_DEPRECATED_OBJC_IMPLEMENTATIONS = YES;
				CLANG_WARN_DIRECT_OBJC_ISA_USAGE = YES_ERROR;
				CLANG_WARN_DOCUMENTATION_COMMENTS = YES;
				CLANG_WARN_EMPTY_BODY = YES;
				CLANG_WARN_ENUM_CONVERSION = YES;
				CLANG_WARN_INFINITE_RECURSION = YES;
				CLANG_WARN_INT_CONVERSION = YES;
				CLANG_WARN_NON_LITERAL_NULL_CONVERSION = YES;
				CLANG_WARN_OBJC_IMPLICIT_RETAIN_SELF = YES;
				CLANG_WARN_OBJC_LITERAL_CONVERSION = YES;
				CLANG_WARN_OBJC_ROOT_CLASS = YES_ERROR;
				CLANG_WARN_QUOTED_INCLUDE_IN_FRAMEWORK_HEADER = YES;
				CLANG_WARN_RANGE_LOOP_ANALYSIS = YES;
				CLANG_WARN_STRICT_PROTOTYPES = YES;
				CLANG_WARN_SUSPICIOUS_MOVE = YES;
				CLANG_WARN_UNGUARDED_AVAILABILITY = YES_AGGRESSIVE;
				CLANG_WARN_UNREACHABLE_CODE = YES;
				CLANG_WARN__DUPLICATE_METHOD_MATCH = YES;
				COPY_PHASE_STRIP = NO;
				DEBUG_INFORMATION_FORMAT = dwarf;
				ENABLE_STRICT_OBJC_MSGSEND = YES;
				ENABLE_TESTABILITY = YES;
				GCC_C_LANGUAGE_STANDARD = gnu11;
				GCC_DYNAMIC_NO_PIC = NO;
				GCC_NO_COMMON_BLOCKS = YES;
				GCC_OPTIMIZATION_LEVEL = 0;
				GCC_PREPROCESSOR_DEFINITIONS = (
					"DEBUG=1",
					"$(inherited)",
				);
				GCC_WARN_64_TO_32_BIT_CONVERSION = YES;
				GCC_WARN_ABOUT_RETURN_TYPE = YES_ERROR;
				GCC_WARN_UNDECLARED_SELECTOR = YES;
				GCC_WARN_UNINITIALIZED_AUTOS = YES_AGGRESSIVE;
				GCC_WARN_UNUSED_FUNCTION = YES;
				GCC_WARN_UNUSED_VARIABLE = YES;
				IPHONEOS_DEPLOYMENT_TARGET = 14.2;
				MTL_ENABLE_DEBUG_INFO = INCLUDE_SOURCE;
				MTL_FAST_MATH = YES;
				ONLY_ACTIVE_ARCH = YES;
				SDKROOT = iphoneos;
				SWIFT_ACTIVE_COMPILATION_CONDITIONS = DEBUG;
				SWIFT_OPTIMIZATION_LEVEL = "-Onone";
			};
			name = Debug;
		};
		8FFF8F3A262A15AF00DD137F /* Release */ = {
			isa = XCBuildConfiguration;
			buildSettings = {
				ALWAYS_SEARCH_USER_PATHS = NO;
				CLANG_ANALYZER_NONNULL = YES;
				CLANG_ANALYZER_NUMBER_OBJECT_CONVERSION = YES_AGGRESSIVE;
				CLANG_CXX_LANGUAGE_STANDARD = "gnu++14";
				CLANG_CXX_LIBRARY = "libc++";
				CLANG_ENABLE_MODULES = YES;
				CLANG_ENABLE_OBJC_ARC = YES;
				CLANG_ENABLE_OBJC_WEAK = YES;
				CLANG_WARN_BLOCK_CAPTURE_AUTORELEASING = YES;
				CLANG_WARN_BOOL_CONVERSION = YES;
				CLANG_WARN_COMMA = YES;
				CLANG_WARN_CONSTANT_CONVERSION = YES;
				CLANG_WARN_DEPRECATED_OBJC_IMPLEMENTATIONS = YES;
				CLANG_WARN_DIRECT_OBJC_ISA_USAGE = YES_ERROR;
				CLANG_WARN_DOCUMENTATION_COMMENTS = YES;
				CLANG_WARN_EMPTY_BODY = YES;
				CLANG_WARN_ENUM_CONVERSION = YES;
				CLANG_WARN_INFINITE_RECURSION = YES;
				CLANG_WARN_INT_CONVERSION = YES;
				CLANG_WARN_NON_LITERAL_NULL_CONVERSION = YES;
				CLANG_WARN_OBJC_IMPLICIT_RETAIN_SELF = YES;
				CLANG_WARN_OBJC_LITERAL_CONVERSION = YES;
				CLANG_WARN_OBJC_ROOT_CLASS = YES_ERROR;
				CLANG_WARN_QUOTED_INCLUDE_IN_FRAMEWORK_HEADER = YES;
				CLANG_WARN_RANGE_LOOP_ANALYSIS = YES;
				CLANG_WARN_STRICT_PROTOTYPES = YES;
				CLANG_WARN_SUSPICIOUS_MOVE = YES;
				CLANG_WARN_UNGUARDED_AVAILABILITY = YES_AGGRESSIVE;
				CLANG_WARN_UNREACHABLE_CODE = YES;
				CLANG_WARN__DUPLICATE_METHOD_MATCH = YES;
				COPY_PHASE_STRIP = NO;
				DEBUG_INFORMATION_FORMAT = "dwarf-with-dsym";
				ENABLE_NS_ASSERTIONS = NO;
				ENABLE_STRICT_OBJC_MSGSEND = YES;
				GCC_C_LANGUAGE_STANDARD = gnu11;
				GCC_NO_COMMON_BLOCKS = YES;
				GCC_WARN_64_TO_32_BIT_CONVERSION = YES;
				GCC_WARN_ABOUT_RETURN_TYPE = YES_ERROR;
				GCC_WARN_UNDECLARED_SELECTOR = YES;
				GCC_WARN_UNINITIALIZED_AUTOS = YES_AGGRESSIVE;
				GCC_WARN_UNUSED_FUNCTION = YES;
				GCC_WARN_UNUSED_VARIABLE = YES;
				IPHONEOS_DEPLOYMENT_TARGET = 14.2;
				MTL_ENABLE_DEBUG_INFO = NO;
				MTL_FAST_MATH = YES;
				SDKROOT = iphoneos;
				SWIFT_COMPILATION_MODE = wholemodule;
				SWIFT_OPTIMIZATION_LEVEL = "-O";
				VALIDATE_PRODUCT = YES;
			};
			name = Release;
		};
		8FFF8F3C262A15AF00DD137F /* Debug */ = {
			isa = XCBuildConfiguration;
			buildSettings = {
				ASSETCATALOG_COMPILER_APPICON_NAME = AppIcon;
				ASSETCATALOG_COMPILER_GLOBAL_ACCENT_COLOR_NAME = AccentColor;
				CODE_SIGN_STYLE = Automatic;
				INFOPLIST_FILE = AspireTestProj/Info.plist;
				LD_RUNPATH_SEARCH_PATHS = (
					"$(inherited)",
					"@executable_path/Frameworks",
				);
				PRODUCT_BUNDLE_IDENTIFIER = some.AspireTestProj;
				PRODUCT_NAME = "$(TARGET_NAME)";
				SWIFT_VERSION = 5.0;
				TARGETED_DEVICE_FAMILY = "1,2";
			};
			name = Debug;
		};
		8FFF8F3D262A15AF00DD137F /* Release */ = {
			isa = XCBuildConfiguration;
			buildSettings = {
				ASSETCATALOG_COMPILER_APPICON_NAME = AppIcon;
				ASSETCATALOG_COMPILER_GLOBAL_ACCENT_COLOR_NAME = AccentColor;
				CODE_SIGN_STYLE = Automatic;
				INFOPLIST_FILE = AspireTestProj/Info.plist;
				LD_RUNPATH_SEARCH_PATHS = (
					"$(inherited)",
					"@executable_path/Frameworks",
				);
				PRODUCT_BUNDLE_IDENTIFIER = some.AspireTestProj;
				PRODUCT_NAME = "$(TARGET_NAME)";
				SWIFT_VERSION = 5.0;
				TARGETED_DEVICE_FAMILY = "1,2";
			};
			name = Release;
		};
/* End XCBuildConfiguration section */

/* Begin XCConfigurationList section */
		8FFF8F22262A15AE00DD137F /* Build configuration list for PBXProject "AspireTestProj" */ = {
			isa = XCConfigurationList;
			buildConfigurations = (
				8FFF8F39262A15AF00DD137F /* Debug */,
				8FFF8F3A262A15AF00DD137F /* Release */,
			);
			defaultConfigurationIsVisible = 0;
			defaultConfigurationName = Release;
		};
		8FFF8F3B262A15AF00DD137F /* Build configuration list for PBXNativeTarget "AspireTestProj" */ = {
			isa = XCConfigurationList;
			buildConfigurations = (
				8FFF8F3C262A15AF00DD137F /* Debug */,
				8FFF8F3D262A15AF00DD137F /* Release */,
			);
			defaultConfigurationIsVisible = 0;
			defaultConfigurationName = Release;
		};
/* End XCConfigurationList section */
	};
	rootObject = 8FFF8F1F262A15AE00DD137F /* Project object */;
}
